
Microsoft Visual Studio Solution File, Format Version 12.00
# Visual Studio Version 17
VisualStudioVersion = 17.12.35527.113 d17.12
MinimumVisualStudioVersion = 10.0.40219.1
Project("{FAE04EC0-301F-11D3-BF4B-00C04F79EFBC}") = "Mission08_0102", "Mission08_0102\Mission08_0102.csproj", "{D96EB4B0-DE09-4417-A7D4-1FC3C8104DE2}"
EndProject
Global
	GlobalSection(SolutionConfigurationPlatforms) = preSolution
		Debug|Any CPU = Debug|Any CPU
		Release|Any CPU = Release|Any CPU
	EndGlobalSection
	GlobalSection(ProjectConfigurationPlatforms) = postSolution
		{D96EB4B0-DE09-4417-A7D4-1FC3C8104DE2}.Debug|Any CPU.ActiveCfg = Debug|Any CPU
		{D96EB4B0-DE09-4417-A7D4-1FC3C8104DE2}.Debug|Any CPU.Build.0 = Debug|Any CPU
		{D96EB4B0-DE09-4417-A7D4-1FC3C8104DE2}.Release|Any CPU.ActiveCfg = Release|Any CPU
		{D96EB4B0-DE09-4417-A7D4-1FC3C8104DE2}.Release|Any CPU.Build.0 = Release|Any CPU
	EndGlobalSection
	GlobalSection(SolutionProperties) = preSolution
		HideSolutionNode = FALSE
	EndGlobalSection
EndGlobal
